
Microsoft Visual Studio Solution File, Format Version 12.00
# Visual Studio Version 17
VisualStudioVersion = 17.5.33530.505
MinimumVisualStudioVersion = 10.0.40219.1
Project("{FAE04EC0-301F-11D3-BF4B-00C04F79EFBC}") = "ProgrammingConstructsPractice", "ProgrammingConstructsPractice\ProgrammingConstructsPractice.csproj", "{CCB61B70-18AE-438F-87A6-6998C0040DC3}"
EndProject
Global
	GlobalSection(SolutionConfigurationPlatforms) = preSolution
		Debug|Any CPU = Debug|Any CPU
		Release|Any CPU = Release|Any CPU
	EndGlobalSection
	GlobalSection(ProjectConfigurationPlatforms) = postSolution
		{CCB61B70-18AE-438F-87A6-6998C0040DC3}.Debug|Any CPU.ActiveCfg = Debug|Any CPU
		{CCB61B70-18AE-438F-87A6-6998C0040DC3}.Debug|Any CPU.Build.0 = Debug|Any CPU
		{CCB61B70-18AE-438F-87A6-6998C0040DC3}.Release|Any CPU.ActiveCfg = Release|Any CPU
		{CCB61B70-18AE-438F-87A6-6998C0040DC3}.Release|Any CPU.Build.0 = Release|Any CPU
	EndGlobalSection
	GlobalSection(SolutionProperties) = preSolution
		HideSolutionNode = FALSE
	EndGlobalSection
	GlobalSection(ExtensibilityGlobals) = postSolution
		SolutionGuid = {1F9298E3-5441-4542-A0FF-A62610B53EE4}
	EndGlobalSection
EndGlobal
